// !$*UTF8*$!
{
	archiveVersion = 1;
	classes = {
	};
	objectVersion = 56;
	objects = {

/* Begin PBXBuildFile section */
		BF3C52C22A39D5630069F09B /* AppDelegate.swift in Sources */ = {isa = PBXBuildFile; fileRef = BF3C52C12A39D5630069F09B /* AppDelegate.swift */; };
		BF3C52CB2A39D5640069F09B /* Assets.xcassets in Resources */ = {isa = PBXBuildFile; fileRef = BF3C52CA2A39D5640069F09B /* Assets.xcassets */; };
		BF3C52CE2A39D5640069F09B /* LaunchScreen.storyboard in Resources */ = {isa = PBXBuildFile; fileRef = BF3C52CC2A39D5640069F09B /* LaunchScreen.storyboard */; };
		BF3C52D92A39D5650069F09B /* MovieDBAppTests.swift in Sources */ = {isa = PBXBuildFile; fileRef = BF3C52D82A39D5650069F09B /* MovieDBAppTests.swift */; };
		BF3C52E32A39D5650069F09B /* MovieDBAppUITests.swift in Sources */ = {isa = PBXBuildFile; fileRef = BF3C52E22A39D5650069F09B /* MovieDBAppUITests.swift */; };
		BF3C52E52A39D5650069F09B /* MovieDBAppUITestsLaunchTests.swift in Sources */ = {isa = PBXBuildFile; fileRef = BF3C52E42A39D5650069F09B /* MovieDBAppUITestsLaunchTests.swift */; };
		BF3C52F72A39D7640069F09B /* Keys.swift in Sources */ = {isa = PBXBuildFile; fileRef = BF3C52F62A39D7640069F09B /* Keys.swift */; };
		BF3C52FB2A39D8550069F09B /* AppCoordinator.swift in Sources */ = {isa = PBXBuildFile; fileRef = BF3C52FA2A39D8550069F09B /* AppCoordinator.swift */; };
		BF3C53002A39D8910069F09B /* MovieDetailsViewController.swift in Sources */ = {isa = PBXBuildFile; fileRef = BF3C52FF2A39D8910069F09B /* MovieDetailsViewController.swift */; };
		BF3C53022A39D89D0069F09B /* MovieListViewController.swift in Sources */ = {isa = PBXBuildFile; fileRef = BF3C53012A39D89D0069F09B /* MovieListViewController.swift */; };
/* End PBXBuildFile section */

/* Begin PBXContainerItemProxy section */
		BF3C52D52A39D5650069F09B /* PBXContainerItemProxy */ = {
			isa = PBXContainerItemProxy;
			containerPortal = BF3C52B62A39D5630069F09B /* Project object */;
			proxyType = 1;
			remoteGlobalIDString = BF3C52BD2A39D5630069F09B;
			remoteInfo = MovieDBApp;
		};
		BF3C52DF2A39D5650069F09B /* PBXContainerItemProxy */ = {
			isa = PBXContainerItemProxy;
			containerPortal = BF3C52B62A39D5630069F09B /* Project object */;
			proxyType = 1;
			remoteGlobalIDString = BF3C52BD2A39D5630069F09B;
			remoteInfo = MovieDBApp;
		};
/* End PBXContainerItemProxy section */

/* Begin PBXFileReference section */
		BF3C52BE2A39D5630069F09B /* MovieDBApp.app */ = {isa = PBXFileReference; explicitFileType = wrapper.application; includeInIndex = 0; path = MovieDBApp.app; sourceTree = BUILT_PRODUCTS_DIR; };
		BF3C52C12A39D5630069F09B /* AppDelegate.swift */ = {isa = PBXFileReference; lastKnownFileType = sourcecode.swift; path = AppDelegate.swift; sourceTree = "<group>"; };
		BF3C52CA2A39D5640069F09B /* Assets.xcassets */ = {isa = PBXFileReference; lastKnownFileType = folder.assetcatalog; path = Assets.xcassets; sourceTree = "<group>"; };
		BF3C52CD2A39D5640069F09B /* Base */ = {isa = PBXFileReference; lastKnownFileType = file.storyboard; name = Base; path = Base.lproj/LaunchScreen.storyboard; sourceTree = "<group>"; };
		BF3C52CF2A39D5640069F09B /* Info.plist */ = {isa = PBXFileReference; lastKnownFileType = text.plist.xml; path = Info.plist; sourceTree = "<group>"; };
		BF3C52D42A39D5650069F09B /* MovieDBAppTests.xctest */ = {isa = PBXFileReference; explicitFileType = wrapper.cfbundle; includeInIndex = 0; path = MovieDBAppTests.xctest; sourceTree = BUILT_PRODUCTS_DIR; };
		BF3C52D82A39D5650069F09B /* MovieDBAppTests.swift */ = {isa = PBXFileReference; lastKnownFileType = sourcecode.swift; path = MovieDBAppTests.swift; sourceTree = "<group>"; };
		BF3C52DE2A39D5650069F09B /* MovieDBAppUITests.xctest */ = {isa = PBXFileReference; explicitFileType = wrapper.cfbundle; includeInIndex = 0; path = MovieDBAppUITests.xctest; sourceTree = BUILT_PRODUCTS_DIR; };
		BF3C52E22A39D5650069F09B /* MovieDBAppUITests.swift */ = {isa = PBXFileReference; lastKnownFileType = sourcecode.swift; path = MovieDBAppUITests.swift; sourceTree = "<group>"; };
		BF3C52E42A39D5650069F09B /* MovieDBAppUITestsLaunchTests.swift */ = {isa = PBXFileReference; lastKnownFileType = sourcecode.swift; path = MovieDBAppUITestsLaunchTests.swift; sourceTree = "<group>"; };
		BF3C52F62A39D7640069F09B /* Keys.swift */ = {isa = PBXFileReference; fileEncoding = 4; lastKnownFileType = sourcecode.swift; path = Keys.swift; sourceTree = "<group>"; };
		BF3C52FA2A39D8550069F09B /* AppCoordinator.swift */ = {isa = PBXFileReference; lastKnownFileType = sourcecode.swift; path = AppCoordinator.swift; sourceTree = "<group>"; };
		BF3C52FF2A39D8910069F09B /* MovieDetailsViewController.swift */ = {isa = PBXFileReference; lastKnownFileType = sourcecode.swift; path = MovieDetailsViewController.swift; sourceTree = "<group>"; };
		BF3C53012A39D89D0069F09B /* MovieListViewController.swift */ = {isa = PBXFileReference; lastKnownFileType = sourcecode.swift; path = MovieListViewController.swift; sourceTree = "<group>"; };
/* End PBXFileReference section */

/* Begin PBXFrameworksBuildPhase section */
		BF3C52BB2A39D5630069F09B /* Frameworks */ = {
			isa = PBXFrameworksBuildPhase;
			buildActionMask = 2147483647;
			files = (
			);
			runOnlyForDeploymentPostprocessing = 0;
		};
		BF3C52D12A39D5650069F09B /* Frameworks */ = {
			isa = PBXFrameworksBuildPhase;
			buildActionMask = 2147483647;
			files = (
			);
			runOnlyForDeploymentPostprocessing = 0;
		};
		BF3C52DB2A39D5650069F09B /* Frameworks */ = {
			isa = PBXFrameworksBuildPhase;
			buildActionMask = 2147483647;
			files = (
			);
			runOnlyForDeploymentPostprocessing = 0;
		};
/* End PBXFrameworksBuildPhase section */

/* Begin PBXGroup section */
		BF3C52B52A39D5630069F09B = {
			isa = PBXGroup;
			children = (
				BF3C52C02A39D5630069F09B /* MovieDBApp */,
				BF3C52D72A39D5650069F09B /* MovieDBAppTests */,
				BF3C52E12A39D5650069F09B /* MovieDBAppUITests */,
				BF3C52BF2A39D5630069F09B /* Products */,
			);
			sourceTree = "<group>";
		};
		BF3C52BF2A39D5630069F09B /* Products */ = {
			isa = PBXGroup;
			children = (
				BF3C52BE2A39D5630069F09B /* MovieDBApp.app */,
				BF3C52D42A39D5650069F09B /* MovieDBAppTests.xctest */,
				BF3C52DE2A39D5650069F09B /* MovieDBAppUITests.xctest */,
			);
			name = Products;
			sourceTree = "<group>";
		};
		BF3C52C02A39D5630069F09B /* MovieDBApp */ = {
			isa = PBXGroup;
			children = (
				BF3C52FC2A39D86B0069F09B /* UI */,
				BF3C52F92A39D83C0069F09B /* Coordinators */,
				BF3C52F82A39D8350069F09B /* App */,
				BF3C52F52A39D7640069F09B /* Config */,
				BF3C52CA2A39D5640069F09B /* Assets.xcassets */,
				BF3C52CC2A39D5640069F09B /* LaunchScreen.storyboard */,
				BF3C52CF2A39D5640069F09B /* Info.plist */,
			);
			path = MovieDBApp;
			sourceTree = "<group>";
		};
		BF3C52D72A39D5650069F09B /* MovieDBAppTests */ = {
			isa = PBXGroup;
			children = (
				BF3C52D82A39D5650069F09B /* MovieDBAppTests.swift */,
			);
			path = MovieDBAppTests;
			sourceTree = "<group>";
		};
		BF3C52E12A39D5650069F09B /* MovieDBAppUITests */ = {
			isa = PBXGroup;
			children = (
				BF3C52E22A39D5650069F09B /* MovieDBAppUITests.swift */,
				BF3C52E42A39D5650069F09B /* MovieDBAppUITestsLaunchTests.swift */,
			);
			path = MovieDBAppUITests;
			sourceTree = "<group>";
		};
		BF3C52F52A39D7640069F09B /* Config */ = {
			isa = PBXGroup;
			children = (
				BF3C52F62A39D7640069F09B /* Keys.swift */,
			);
			path = Config;
			sourceTree = "<group>";
		};
		BF3C52F82A39D8350069F09B /* App */ = {
			isa = PBXGroup;
			children = (
				BF3C52C12A39D5630069F09B /* AppDelegate.swift */,
			);
			path = App;
			sourceTree = "<group>";
		};
		BF3C52F92A39D83C0069F09B /* Coordinators */ = {
			isa = PBXGroup;
			children = (
				BF3C52FA2A39D8550069F09B /* AppCoordinator.swift */,
			);
			path = Coordinators;
			sourceTree = "<group>";
		};
		BF3C52FC2A39D86B0069F09B /* UI */ = {
			isa = PBXGroup;
			children = (
				BF3C52FE2A39D8780069F09B /* MovieList */,
				BF3C52FD2A39D86F0069F09B /* MovieDetails */,
			);
			path = UI;
			sourceTree = "<group>";
		};
		BF3C52FD2A39D86F0069F09B /* MovieDetails */ = {
			isa = PBXGroup;
			children = (
				BF3C52FF2A39D8910069F09B /* MovieDetailsViewController.swift */,
			);
			path = MovieDetails;
			sourceTree = "<group>";
		};
		BF3C52FE2A39D8780069F09B /* MovieList */ = {
			isa = PBXGroup;
			children = (
				BF3C53012A39D89D0069F09B /* MovieListViewController.swift */,
			);
			path = MovieList;
			sourceTree = "<group>";
		};
/* End PBXGroup section */

/* Begin PBXNativeTarget section */
		BF3C52BD2A39D5630069F09B /* MovieDBApp */ = {
			isa = PBXNativeTarget;
			buildConfigurationList = BF3C52E82A39D5650069F09B /* Build configuration list for PBXNativeTarget "MovieDBApp" */;
			buildPhases = (
				BF3C52BA2A39D5630069F09B /* Sources */,
				BF3C52BB2A39D5630069F09B /* Frameworks */,
				BF3C52BC2A39D5630069F09B /* Resources */,
			);
			buildRules = (
			);
			dependencies = (
			);
			name = MovieDBApp;
			productName = MovieDBApp;
			productReference = BF3C52BE2A39D5630069F09B /* MovieDBApp.app */;
			productType = "com.apple.product-type.application";
		};
		BF3C52D32A39D5650069F09B /* MovieDBAppTests */ = {
			isa = PBXNativeTarget;
			buildConfigurationList = BF3C52EB2A39D5650069F09B /* Build configuration list for PBXNativeTarget "MovieDBAppTests" */;
			buildPhases = (
				BF3C52D02A39D5650069F09B /* Sources */,
				BF3C52D12A39D5650069F09B /* Frameworks */,
				BF3C52D22A39D5650069F09B /* Resources */,
			);
			buildRules = (
			);
			dependencies = (
				BF3C52D62A39D5650069F09B /* PBXTargetDependency */,
			);
			name = MovieDBAppTests;
			productName = MovieDBAppTests;
			productReference = BF3C52D42A39D5650069F09B /* MovieDBAppTests.xctest */;
			productType = "com.apple.product-type.bundle.unit-test";
		};
		BF3C52DD2A39D5650069F09B /* MovieDBAppUITests */ = {
			isa = PBXNativeTarget;
			buildConfigurationList = BF3C52EE2A39D5650069F09B /* Build configuration list for PBXNativeTarget "MovieDBAppUITests" */;
			buildPhases = (
				BF3C52DA2A39D5650069F09B /* Sources */,
				BF3C52DB2A39D5650069F09B /* Frameworks */,
				BF3C52DC2A39D5650069F09B /* Resources */,
			);
			buildRules = (
			);
			dependencies = (
				BF3C52E02A39D5650069F09B /* PBXTargetDependency */,
			);
			name = MovieDBAppUITests;
			productName = MovieDBAppUITests;
			productReference = BF3C52DE2A39D5650069F09B /* MovieDBAppUITests.xctest */;
			productType = "com.apple.product-type.bundle.ui-testing";
		};
/* End PBXNativeTarget section */

/* Begin PBXProject section */
		BF3C52B62A39D5630069F09B /* Project object */ = {
			isa = PBXProject;
			attributes = {
				BuildIndependentTargetsInParallel = 1;
				LastSwiftUpdateCheck = 1420;
				LastUpgradeCheck = 1420;
				TargetAttributes = {
					BF3C52BD2A39D5630069F09B = {
						CreatedOnToolsVersion = 14.2;
					};
					BF3C52D32A39D5650069F09B = {
						CreatedOnToolsVersion = 14.2;
						TestTargetID = BF3C52BD2A39D5630069F09B;
					};
					BF3C52DD2A39D5650069F09B = {
						CreatedOnToolsVersion = 14.2;
						TestTargetID = BF3C52BD2A39D5630069F09B;
					};
				};
			};
			buildConfigurationList = BF3C52B92A39D5630069F09B /* Build configuration list for PBXProject "MovieDBApp" */;
			compatibilityVersion = "Xcode 14.0";
			developmentRegion = en;
			hasScannedForEncodings = 0;
			knownRegions = (
				en,
				Base,
			);
			mainGroup = BF3C52B52A39D5630069F09B;
			productRefGroup = BF3C52BF2A39D5630069F09B /* Products */;
			projectDirPath = "";
			projectRoot = "";
			targets = (
				BF3C52BD2A39D5630069F09B /* MovieDBApp */,
				BF3C52D32A39D5650069F09B /* MovieDBAppTests */,
				BF3C52DD2A39D5650069F09B /* MovieDBAppUITests */,
			);
		};
/* End PBXProject section */

/* Begin PBXResourcesBuildPhase section */
		BF3C52BC2A39D5630069F09B /* Resources */ = {
			isa = PBXResourcesBuildPhase;
			buildActionMask = 2147483647;
			files = (
				BF3C52CE2A39D5640069F09B /* LaunchScreen.storyboard in Resources */,
				BF3C52CB2A39D5640069F09B /* Assets.xcassets in Resources */,
			);
			runOnlyForDeploymentPostprocessing = 0;
		};
		BF3C52D22A39D5650069F09B /* Resources */ = {
			isa = PBXResourcesBuildPhase;
			buildActionMask = 2147483647;
			files = (
			);
			runOnlyForDeploymentPostprocessing = 0;
		};
		BF3C52DC2A39D5650069F09B /* Resources */ = {
			isa = PBXResourcesBuildPhase;
			buildActionMask = 2147483647;
			files = (
			);
			runOnlyForDeploymentPostprocessing = 0;
		};
/* End PBXResourcesBuildPhase section */

/* Begin PBXSourcesBuildPhase section */
		BF3C52BA2A39D5630069F09B /* Sources */ = {
			isa = PBXSourcesBuildPhase;
			buildActionMask = 2147483647;
			files = (
				BF3C52C22A39D5630069F09B /* AppDelegate.swift in Sources */,
				BF3C53002A39D8910069F09B /* MovieDetailsViewController.swift in Sources */,
				BF3C52FB2A39D8550069F09B /* AppCoordinator.swift in Sources */,
				BF3C53022A39D89D0069F09B /* MovieListViewController.swift in Sources */,
				BF3C52F72A39D7640069F09B /* Keys.swift in Sources */,
			);
			runOnlyForDeploymentPostprocessing = 0;
		};
		BF3C52D02A39D5650069F09B /* Sources */ = {
			isa = PBXSourcesBuildPhase;
			buildActionMask = 2147483647;
			files = (
				BF3C52D92A39D5650069F09B /* MovieDBAppTests.swift in Sources */,
			);
			runOnlyForDeploymentPostprocessing = 0;
		};
		BF3C52DA2A39D5650069F09B /* Sources */ = {
			isa = PBXSourcesBuildPhase;
			buildActionMask = 2147483647;
			files = (
				BF3C52E32A39D5650069F09B /* MovieDBAppUITests.swift in Sources */,
				BF3C52E52A39D5650069F09B /* MovieDBAppUITestsLaunchTests.swift in Sources */,
			);
			runOnlyForDeploymentPostprocessing = 0;
		};
/* End PBXSourcesBuildPhase section */

/* Begin PBXTargetDependency section */
		BF3C52D62A39D5650069F09B /* PBXTargetDependency */ = {
			isa = PBXTargetDependency;
			target = BF3C52BD2A39D5630069F09B /* MovieDBApp */;
			targetProxy = BF3C52D52A39D5650069F09B /* PBXContainerItemProxy */;
		};
		BF3C52E02A39D5650069F09B /* PBXTargetDependency */ = {
			isa = PBXTargetDependency;
			target = BF3C52BD2A39D5630069F09B /* MovieDBApp */;
			targetProxy = BF3C52DF2A39D5650069F09B /* PBXContainerItemProxy */;
		};
/* End PBXTargetDependency section */

/* Begin PBXVariantGroup section */
		BF3C52CC2A39D5640069F09B /* LaunchScreen.storyboard */ = {
			isa = PBXVariantGroup;
			children = (
				BF3C52CD2A39D5640069F09B /* Base */,
			);
			name = LaunchScreen.storyboard;
			sourceTree = "<group>";
		};
/* End PBXVariantGroup section */

/* Begin XCBuildConfiguration section */
		BF3C52E62A39D5650069F09B /* Debug */ = {
			isa = XCBuildConfiguration;
			buildSettings = {
				ALWAYS_SEARCH_USER_PATHS = NO;
				CLANG_ANALYZER_NONNULL = YES;
				CLANG_ANALYZER_NUMBER_OBJECT_CONVERSION = YES_AGGRESSIVE;
				CLANG_CXX_LANGUAGE_STANDARD = "gnu++20";
				CLANG_ENABLE_MODULES = YES;
				CLANG_ENABLE_OBJC_ARC = YES;
				CLANG_ENABLE_OBJC_WEAK = YES;
				CLANG_WARN_BLOCK_CAPTURE_AUTORELEASING = YES;
				CLANG_WARN_BOOL_CONVERSION = YES;
				CLANG_WARN_COMMA = YES;
				CLANG_WARN_CONSTANT_CONVERSION = YES;
				CLANG_WARN_DEPRECATED_OBJC_IMPLEMENTATIONS = YES;
				CLANG_WARN_DIRECT_OBJC_ISA_USAGE = YES_ERROR;
				CLANG_WARN_DOCUMENTATION_COMMENTS = YES;
				CLANG_WARN_EMPTY_BODY = YES;
				CLANG_WARN_ENUM_CONVERSION = YES;
				CLANG_WARN_INFINITE_RECURSION = YES;
				CLANG_WARN_INT_CONVERSION = YES;
				CLANG_WARN_NON_LITERAL_NULL_CONVERSION = YES;
				CLANG_WARN_OBJC_IMPLICIT_RETAIN_SELF = YES;
				CLANG_WARN_OBJC_LITERAL_CONVERSION = YES;
				CLANG_WARN_OBJC_ROOT_CLASS = YES_ERROR;
				CLANG_WARN_QUOTED_INCLUDE_IN_FRAMEWORK_HEADER = YES;
				CLANG_WARN_RANGE_LOOP_ANALYSIS = YES;
				CLANG_WARN_STRICT_PROTOTYPES = YES;
				CLANG_WARN_SUSPICIOUS_MOVE = YES;
				CLANG_WARN_UNGUARDED_AVAILABILITY = YES_AGGRESSIVE;
				CLANG_WARN_UNREACHABLE_CODE = YES;
				CLANG_WARN__DUPLICATE_METHOD_MATCH = YES;
				COPY_PHASE_STRIP = NO;
				DEBUG_INFORMATION_FORMAT = dwarf;
				ENABLE_STRICT_OBJC_MSGSEND = YES;
				ENABLE_TESTABILITY = YES;
				GCC_C_LANGUAGE_STANDARD = gnu11;
				GCC_DYNAMIC_NO_PIC = NO;
				GCC_NO_COMMON_BLOCKS = YES;
				GCC_OPTIMIZATION_LEVEL = 0;
				GCC_PREPROCESSOR_DEFINITIONS = (
					"DEBUG=1",
					"$(inherited)",
				);
				GCC_WARN_64_TO_32_BIT_CONVERSION = YES;
				GCC_WARN_ABOUT_RETURN_TYPE = YES_ERROR;
				GCC_WARN_UNDECLARED_SELECTOR = YES;
				GCC_WARN_UNINITIALIZED_AUTOS = YES_AGGRESSIVE;
				GCC_WARN_UNUSED_FUNCTION = YES;
				GCC_WARN_UNUSED_VARIABLE = YES;
				IPHONEOS_DEPLOYMENT_TARGET = 16.2;
				MTL_ENABLE_DEBUG_INFO = INCLUDE_SOURCE;
				MTL_FAST_MATH = YES;
				ONLY_ACTIVE_ARCH = YES;
				SDKROOT = iphoneos;
				SWIFT_ACTIVE_COMPILATION_CONDITIONS = DEBUG;
				SWIFT_OPTIMIZATION_LEVEL = "-Onone";
			};
			name = Debug;
		};
		BF3C52E72A39D5650069F09B /* Release */ = {
			isa = XCBuildConfiguration;
			buildSettings = {
				ALWAYS_SEARCH_USER_PATHS = NO;
				CLANG_ANALYZER_NONNULL = YES;
				CLANG_ANALYZER_NUMBER_OBJECT_CONVERSION = YES_AGGRESSIVE;
				CLANG_CXX_LANGUAGE_STANDARD = "gnu++20";
				CLANG_ENABLE_MODULES = YES;
				CLANG_ENABLE_OBJC_ARC = YES;
				CLANG_ENABLE_OBJC_WEAK = YES;
				CLANG_WARN_BLOCK_CAPTURE_AUTORELEASING = YES;
				CLANG_WARN_BOOL_CONVERSION = YES;
				CLANG_WARN_COMMA = YES;
				CLANG_WARN_CONSTANT_CONVERSION = YES;
				CLANG_WARN_DEPRECATED_OBJC_IMPLEMENTATIONS = YES;
				CLANG_WARN_DIRECT_OBJC_ISA_USAGE = YES_ERROR;
				CLANG_WARN_DOCUMENTATION_COMMENTS = YES;
				CLANG_WARN_EMPTY_BODY = YES;
				CLANG_WARN_ENUM_CONVERSION = YES;
				CLANG_WARN_INFINITE_RECURSION = YES;
				CLANG_WARN_INT_CONVERSION = YES;
				CLANG_WARN_NON_LITERAL_NULL_CONVERSION = YES;
				CLANG_WARN_OBJC_IMPLICIT_RETAIN_SELF = YES;
				CLANG_WARN_OBJC_LITERAL_CONVERSION = YES;
				CLANG_WARN_OBJC_ROOT_CLASS = YES_ERROR;
				CLANG_WARN_QUOTED_INCLUDE_IN_FRAMEWORK_HEADER = YES;
				CLANG_WARN_RANGE_LOOP_ANALYSIS = YES;
				CLANG_WARN_STRICT_PROTOTYPES = YES;
				CLANG_WARN_SUSPICIOUS_MOVE = YES;
				CLANG_WARN_UNGUARDED_AVAILABILITY = YES_AGGRESSIVE;
				CLANG_WARN_UNREACHABLE_CODE = YES;
				CLANG_WARN__DUPLICATE_METHOD_MATCH = YES;
				COPY_PHASE_STRIP = NO;
				DEBUG_INFORMATION_FORMAT = "dwarf-with-dsym";
				ENABLE_NS_ASSERTIONS = NO;
				ENABLE_STRICT_OBJC_MSGSEND = YES;
				GCC_C_LANGUAGE_STANDARD = gnu11;
				GCC_NO_COMMON_BLOCKS = YES;
				GCC_WARN_64_TO_32_BIT_CONVERSION = YES;
				GCC_WARN_ABOUT_RETURN_TYPE = YES_ERROR;
				GCC_WARN_UNDECLARED_SELECTOR = YES;
				GCC_WARN_UNINITIALIZED_AUTOS = YES_AGGRESSIVE;
				GCC_WARN_UNUSED_FUNCTION = YES;
				GCC_WARN_UNUSED_VARIABLE = YES;
				IPHONEOS_DEPLOYMENT_TARGET = 16.2;
				MTL_ENABLE_DEBUG_INFO = NO;
				MTL_FAST_MATH = YES;
				SDKROOT = iphoneos;
				SWIFT_COMPILATION_MODE = wholemodule;
				SWIFT_OPTIMIZATION_LEVEL = "-O";
				VALIDATE_PRODUCT = YES;
			};
			name = Release;
		};
		BF3C52E92A39D5650069F09B /* Debug */ = {
			isa = XCBuildConfiguration;
			buildSettings = {
				ASSETCATALOG_COMPILER_APPICON_NAME = AppIcon;
				ASSETCATALOG_COMPILER_GLOBAL_ACCENT_COLOR_NAME = AccentColor;
				CODE_SIGN_STYLE = Automatic;
				CURRENT_PROJECT_VERSION = 1;
				GENERATE_INFOPLIST_FILE = YES;
				INFOPLIST_FILE = MovieDBApp/Info.plist;
				INFOPLIST_KEY_UIApplicationSupportsIndirectInputEvents = YES;
				INFOPLIST_KEY_UILaunchStoryboardName = LaunchScreen;
				INFOPLIST_KEY_UISupportedInterfaceOrientations_iPad = "UIInterfaceOrientationPortrait UIInterfaceOrientationPortraitUpsideDown UIInterfaceOrientationLandscapeLeft UIInterfaceOrientationLandscapeRight";
				INFOPLIST_KEY_UISupportedInterfaceOrientations_iPhone = "UIInterfaceOrientationPortrait UIInterfaceOrientationLandscapeLeft UIInterfaceOrientationLandscapeRight";
				LD_RUNPATH_SEARCH_PATHS = (
					"$(inherited)",
					"@executable_path/Frameworks",
				);
				MARKETING_VERSION = 1.0;
				PRODUCT_BUNDLE_IDENTIFIER = com.radekhalski.MovieDBApp;
				PRODUCT_NAME = "$(TARGET_NAME)";
				SWIFT_EMIT_LOC_STRINGS = YES;
				SWIFT_VERSION = 5.0;
				TARGETED_DEVICE_FAMILY = "1,2";
			};
			name = Debug;
		};
		BF3C52EA2A39D5650069F09B /* Release */ = {
			isa = XCBuildConfiguration;
			buildSettings = {
				ASSETCATALOG_COMPILER_APPICON_NAME = AppIcon;
				ASSETCATALOG_COMPILER_GLOBAL_ACCENT_COLOR_NAME = AccentColor;
				CODE_SIGN_STYLE = Automatic;
				CURRENT_PROJECT_VERSION = 1;
				GENERATE_INFOPLIST_FILE = YES;
				INFOPLIST_FILE = MovieDBApp/Info.plist;
				INFOPLIST_KEY_UIApplicationSupportsIndirectInputEvents = YES;
				INFOPLIST_KEY_UILaunchStoryboardName = LaunchScreen;
				INFOPLIST_KEY_UISupportedInterfaceOrientations_iPad = "UIInterfaceOrientationPortrait UIInterfaceOrientationPortraitUpsideDown UIInterfaceOrientationLandscapeLeft UIInterfaceOrientationLandscapeRight";
				INFOPLIST_KEY_UISupportedInterfaceOrientations_iPhone = "UIInterfaceOrientationPortrait UIInterfaceOrientationLandscapeLeft UIInterfaceOrientationLandscapeRight";
				LD_RUNPATH_SEARCH_PATHS = (
					"$(inherited)",
					"@executable_path/Frameworks",
				);
				MARKETING_VERSION = 1.0;
				PRODUCT_BUNDLE_IDENTIFIER = com.radekhalski.MovieDBApp;
				PRODUCT_NAME = "$(TARGET_NAME)";
				SWIFT_EMIT_LOC_STRINGS = YES;
				SWIFT_VERSION = 5.0;
				TARGETED_DEVICE_FAMILY = "1,2";
			};
			name = Release;
		};
		BF3C52EC2A39D5650069F09B /* Debug */ = {
			isa = XCBuildConfiguration;
			buildSettings = {
				ALWAYS_EMBED_SWIFT_STANDARD_LIBRARIES = YES;
				BUNDLE_LOADER = "$(TEST_HOST)";
				CODE_SIGN_STYLE = Automatic;
				CURRENT_PROJECT_VERSION = 1;
				GENERATE_INFOPLIST_FILE = YES;
				IPHONEOS_DEPLOYMENT_TARGET = 16.2;
				MARKETING_VERSION = 1.0;
				PRODUCT_BUNDLE_IDENTIFIER = com.radekhalski.MovieDBAppTests;
				PRODUCT_NAME = "$(TARGET_NAME)";
				SWIFT_EMIT_LOC_STRINGS = NO;
				SWIFT_VERSION = 5.0;
				TARGETED_DEVICE_FAMILY = "1,2";
				TEST_HOST = "$(BUILT_PRODUCTS_DIR)/MovieDBApp.app/$(BUNDLE_EXECUTABLE_FOLDER_PATH)/MovieDBApp";
			};
			name = Debug;
		};
		BF3C52ED2A39D5650069F09B /* Release */ = {
			isa = XCBuildConfiguration;
			buildSettings = {
				ALWAYS_EMBED_SWIFT_STANDARD_LIBRARIES = YES;
				BUNDLE_LOADER = "$(TEST_HOST)";
				CODE_SIGN_STYLE = Automatic;
				CURRENT_PROJECT_VERSION = 1;
				GENERATE_INFOPLIST_FILE = YES;
				IPHONEOS_DEPLOYMENT_TARGET = 16.2;
				MARKETING_VERSION = 1.0;
				PRODUCT_BUNDLE_IDENTIFIER = com.radekhalski.MovieDBAppTests;
				PRODUCT_NAME = "$(TARGET_NAME)";
				SWIFT_EMIT_LOC_STRINGS = NO;
				SWIFT_VERSION = 5.0;
				TARGETED_DEVICE_FAMILY = "1,2";
				TEST_HOST = "$(BUILT_PRODUCTS_DIR)/MovieDBApp.app/$(BUNDLE_EXECUTABLE_FOLDER_PATH)/MovieDBApp";
			};
			name = Release;
		};
		BF3C52EF2A39D5650069F09B /* Debug */ = {
			isa = XCBuildConfiguration;
			buildSettings = {
				ALWAYS_EMBED_SWIFT_STANDARD_LIBRARIES = YES;
				CODE_SIGN_STYLE = Automatic;
				CURRENT_PROJECT_VERSION = 1;
				GENERATE_INFOPLIST_FILE = YES;
				MARKETING_VERSION = 1.0;
				PRODUCT_BUNDLE_IDENTIFIER = com.radekhalski.MovieDBAppUITests;
				PRODUCT_NAME = "$(TARGET_NAME)";
				SWIFT_EMIT_LOC_STRINGS = NO;
				SWIFT_VERSION = 5.0;
				TARGETED_DEVICE_FAMILY = "1,2";
				TEST_TARGET_NAME = MovieDBApp;
			};
			name = Debug;
		};
		BF3C52F02A39D5650069F09B /* Release */ = {
			isa = XCBuildConfiguration;
			buildSettings = {
				ALWAYS_EMBED_SWIFT_STANDARD_LIBRARIES = YES;
				CODE_SIGN_STYLE = Automatic;
				CURRENT_PROJECT_VERSION = 1;
				GENERATE_INFOPLIST_FILE = YES;
				MARKETING_VERSION = 1.0;
				PRODUCT_BUNDLE_IDENTIFIER = com.radekhalski.MovieDBAppUITests;
				PRODUCT_NAME = "$(TARGET_NAME)";
				SWIFT_EMIT_LOC_STRINGS = NO;
				SWIFT_VERSION = 5.0;
				TARGETED_DEVICE_FAMILY = "1,2";
				TEST_TARGET_NAME = MovieDBApp;
			};
			name = Release;
		};
/* End XCBuildConfiguration section */

/* Begin XCConfigurationList section */
		BF3C52B92A39D5630069F09B /* Build configuration list for PBXProject "MovieDBApp" */ = {
			isa = XCConfigurationList;
			buildConfigurations = (
				BF3C52E62A39D5650069F09B /* Debug */,
				BF3C52E72A39D5650069F09B /* Release */,
			);
			defaultConfigurationIsVisible = 0;
			defaultConfigurationName = Release;
		};
		BF3C52E82A39D5650069F09B /* Build configuration list for PBXNativeTarget "MovieDBApp" */ = {
			isa = XCConfigurationList;
			buildConfigurations = (
				BF3C52E92A39D5650069F09B /* Debug */,
				BF3C52EA2A39D5650069F09B /* Release */,
			);
			defaultConfigurationIsVisible = 0;
			defaultConfigurationName = Release;
		};
		BF3C52EB2A39D5650069F09B /* Build configuration list for PBXNativeTarget "MovieDBAppTests" */ = {
			isa = XCConfigurationList;
			buildConfigurations = (
				BF3C52EC2A39D5650069F09B /* Debug */,
				BF3C52ED2A39D5650069F09B /* Release */,
			);
			defaultConfigurationIsVisible = 0;
			defaultConfigurationName = Release;
		};
		BF3C52EE2A39D5650069F09B /* Build configuration list for PBXNativeTarget "MovieDBAppUITests" */ = {
			isa = XCConfigurationList;
			buildConfigurations = (
				BF3C52EF2A39D5650069F09B /* Debug */,
				BF3C52F02A39D5650069F09B /* Release */,
			);
			defaultConfigurationIsVisible = 0;
			defaultConfigurationName = Release;
		};
/* End XCConfigurationList section */
	};
	rootObject = BF3C52B62A39D5630069F09B /* Project object */;
}
